{
  "version": 4,
  "terraform_version": "0.14.10",
  "serial": 99,
  "lineage": "c0af94eb-0d6a-4970-4580-e6726e447b1b",
  "outputs": {},
  "resources": [
    {
      "mode": "managed",
      "type": "azurerm_data_factory",
      "name": "az_df",
      "provider": "provider[\"registry.terraform.io/hashicorp/azurerm\"]",
      "instances": [
        {
          "schema_version": 1,
          "attributes": {
            "github_configuration": [],
            "id": "/subscriptions/900900c6-5135-4078-a4b6-e5aac4d23ba4/resourceGroups/ortecha-rg/providers/Microsoft.DataFactory/factories/ortecha-df-01",
            "identity": [],
            "location": "westeurope",
            "name": "ortecha-df-01",
            "public_network_enabled": true,
            "resource_group_name": "ortecha-rg",
            "tags": null,
            "timeouts": null,
            "vsts_configuration": []
          },
          "sensitive_attributes": [],
          "private": "eyJlMmJmYjczMC1lY2FhLTExZTYtOGY4OC0zNDM2M2JjN2M0YzAiOnsiY3JlYXRlIjoxODAwMDAwMDAwMDAwLCJkZWxldGUiOjE4MDAwMDAwMDAwMDAsInJlYWQiOjMwMDAwMDAwMDAwMCwidXBkYXRlIjoxODAwMDAwMDAwMDAwfSwic2NoZW1hX3ZlcnNpb24iOiIxIn0=",
          "dependencies": [
            "azurerm_resource_group.rg"
          ]
        }
      ]
    },
    {
      "mode": "managed",
      "type": "azurerm_data_lake_store",
      "name": "azdl",
      "provider": "provider[\"registry.terraform.io/hashicorp/azurerm\"]",
      "instances": [
        {
          "schema_version": 0,
          "attributes": {
            "encryption_state": "Enabled",
            "encryption_type": "ServiceManaged",
            "endpoint": "ortechadl01.azuredatalakestore.net",
            "firewall_allow_azure_ips": "Enabled",
            "firewall_state": "Enabled",
            "id": "/subscriptions/900900c6-5135-4078-a4b6-e5aac4d23ba4/resourceGroups/ortecha-rg/providers/Microsoft.DataLakeStore/accounts/ortechadl01",
            "location": "westeurope",
            "name": "ortechadl01",
            "resource_group_name": "ortecha-rg",
            "tags": null,
            "tier": "Consumption",
            "timeouts": null
          },
          "sensitive_attributes": [],
          "private": "eyJlMmJmYjczMC1lY2FhLTExZTYtOGY4OC0zNDM2M2JjN2M0YzAiOnsiY3JlYXRlIjoxODAwMDAwMDAwMDAwLCJkZWxldGUiOjE4MDAwMDAwMDAwMDAsInJlYWQiOjMwMDAwMDAwMDAwMCwidXBkYXRlIjoxODAwMDAwMDAwMDAwfX0=",
          "dependencies": [
            "azurerm_resource_group.rg"
          ]
        }
      ]
    },
    {
      "mode": "managed",
      "type": "azurerm_key_vault",
      "name": "keyvalut",
      "provider": "provider[\"registry.terraform.io/hashicorp/azurerm\"]",
      "instances": [
        {
          "schema_version": 2,
          "attributes": {
            "access_policy": [
              {
                "application_id": "",
                "certificate_permissions": null,
                "key_permissions": [
                  "Get",
                  "List",
                  "Update",
                  "Create",
                  "Import",
                  "Delete",
                  "Recover",
                  "Backup",
                  "Restore"
                ],
                "object_id": "cdaef324-b2d1-4527-aa09-2890aef638e4",
                "secret_permissions": [
                  "Get",
                  "List",
                  "Delete",
                  "Recover",
                  "Backup",
                  "Restore",
                  "Set",
                  "Purge"
                ],
                "storage_permissions": null,
                "tenant_id": "f4e5183f-317b-4772-b87b-23dc28abd203"
              }
            ],
            "contact": [],
            "enable_rbac_authorization": false,
            "enabled_for_deployment": false,
            "enabled_for_disk_encryption": false,
            "enabled_for_template_deployment": false,
            "id": "/subscriptions/900900c6-5135-4078-a4b6-e5aac4d23ba4/resourceGroups/ortecha-rg/providers/Microsoft.KeyVault/vaults/sqlserver-1-key",
            "location": "westeurope",
            "name": "sqlserver-1-key",
            "network_acls": [
              {
                "bypass": "AzureServices",
                "default_action": "Allow",
                "ip_rules": [],
                "virtual_network_subnet_ids": []
              }
            ],
            "purge_protection_enabled": false,
            "resource_group_name": "ortecha-rg",
            "sku_name": "standard",
            "soft_delete_enabled": true,
            "soft_delete_retention_days": 90,
            "tags": null,
            "tenant_id": "f4e5183f-317b-4772-b87b-23dc28abd203",
            "timeouts": null,
            "vault_uri": "https://sqlserver-1-key.vault.azure.net/"
          },
          "sensitive_attributes": [],
          "private": "eyJlMmJmYjczMC1lY2FhLTExZTYtOGY4OC0zNDM2M2JjN2M0YzAiOnsiY3JlYXRlIjoxODAwMDAwMDAwMDAwLCJkZWxldGUiOjE4MDAwMDAwMDAwMDAsInJlYWQiOjMwMDAwMDAwMDAwMCwidXBkYXRlIjoxODAwMDAwMDAwMDAwfSwic2NoZW1hX3ZlcnNpb24iOiIyIn0=",
          "dependencies": [
            "azurerm_resource_group.rg"
          ]
        }
      ]
    },
    {
      "mode": "managed",
      "type": "azurerm_key_vault_access_policy",
      "name": "az_kv_acess_pol",
      "provider": "provider[\"registry.terraform.io/hashicorp/azurerm\"]",
      "instances": [
        {
          "schema_version": 0,
          "attributes": {
            "application_id": null,
            "certificate_permissions": null,
            "id": "/subscriptions/900900c6-5135-4078-a4b6-e5aac4d23ba4/resourceGroups/ortecha-rg/providers/Microsoft.KeyVault/vaults/sqlserver-1-key/objectId/53707a49-4c4c-433b-9811-db250829336a",
            "key_permissions": null,
            "key_vault_id": "/subscriptions/900900c6-5135-4078-a4b6-e5aac4d23ba4/resourceGroups/ortecha-rg/providers/Microsoft.KeyVault/vaults/sqlserver-1-key",
            "object_id": "53707a49-4c4c-433b-9811-db250829336a",
            "secret_permissions": [
              "get",
              "list"
            ],
            "storage_permissions": null,
            "tenant_id": "f4e5183f-317b-4772-b87b-23dc28abd203",
            "timeouts": null
          },
          "sensitive_attributes": [],
          "private": "eyJlMmJmYjczMC1lY2FhLTExZTYtOGY4OC0zNDM2M2JjN2M0YzAiOnsiY3JlYXRlIjoxODAwMDAwMDAwMDAwLCJkZWxldGUiOjE4MDAwMDAwMDAwMDAsInJlYWQiOjMwMDAwMDAwMDAwMCwidXBkYXRlIjoxODAwMDAwMDAwMDAwfX0=",
          "dependencies": [
            "azurerm_key_vault.keyvalut",
            "azurerm_purview_account.purview_account",
            "azurerm_resource_group.rg"
          ]
        }
      ]
    },
    {
      "mode": "managed",
      "type": "azurerm_key_vault_access_policy",
      "name": "az_kv_user_acess_pol",
      "provider": "provider[\"registry.terraform.io/hashicorp/azurerm\"]",
      "instances": [
        {
          "schema_version": 0,
          "attributes": {
            "application_id": null,
            "certificate_permissions": null,
            "id": "/subscriptions/900900c6-5135-4078-a4b6-e5aac4d23ba4/resourceGroups/ortecha-rg/providers/Microsoft.KeyVault/vaults/sqlserver-1-key/objectId/c5823ac3-d8d2-4866-ad4f-ae852c96dcc7",
            "key_permissions": null,
            "key_vault_id": "/subscriptions/900900c6-5135-4078-a4b6-e5aac4d23ba4/resourceGroups/ortecha-rg/providers/Microsoft.KeyVault/vaults/sqlserver-1-key",
            "object_id": "c5823ac3-d8d2-4866-ad4f-ae852c96dcc7",
            "secret_permissions": [
              "get",
              "list"
            ],
            "storage_permissions": null,
            "tenant_id": "f4e5183f-317b-4772-b87b-23dc28abd203",
            "timeouts": null
          },
          "sensitive_attributes": [],
          "private": "eyJlMmJmYjczMC1lY2FhLTExZTYtOGY4OC0zNDM2M2JjN2M0YzAiOnsiY3JlYXRlIjoxODAwMDAwMDAwMDAwLCJkZWxldGUiOjE4MDAwMDAwMDAwMDAsInJlYWQiOjMwMDAwMDAwMDAwMCwidXBkYXRlIjoxODAwMDAwMDAwMDAwfX0=",
          "dependencies": [
            "azurerm_key_vault.keyvalut",
            "azurerm_resource_group.rg"
          ]
        }
      ]
    },
    {
      "mode": "managed",
      "type": "azurerm_key_vault_secret",
      "name": "az_kv_sec",
      "provider": "provider[\"registry.terraform.io/hashicorp/azurerm\"]",
      "instances": [
        {
          "schema_version": 0,
          "attributes": {
            "content_type": "",
            "expiration_date": null,
            "id": "https://sqlserver-1-key.vault.azure.net/secrets/ortecha-strawberry/0cba11a1d09344c8922f0adf2b2e0fab",
            "key_vault_id": "/subscriptions/900900c6-5135-4078-a4b6-e5aac4d23ba4/resourceGroups/ortecha-rg/providers/Microsoft.KeyVault/vaults/sqlserver-1-key",
            "name": "ortecha-strawberry",
            "not_before_date": null,
            "tags": null,
            "timeouts": null,
            "value": "4-v3ry-53cr37-p455w0rd",
            "version": "0cba11a1d09344c8922f0adf2b2e0fab",
            "versionless_id": "https://sqlserver-1-key.vault.azure.net/secrets/ortecha-strawberry"
          },
          "sensitive_attributes": [],
          "private": "eyJlMmJmYjczMC1lY2FhLTExZTYtOGY4OC0zNDM2M2JjN2M0YzAiOnsiY3JlYXRlIjoxODAwMDAwMDAwMDAwLCJkZWxldGUiOjE4MDAwMDAwMDAwMDAsInJlYWQiOjMwMDAwMDAwMDAwMCwidXBkYXRlIjoxODAwMDAwMDAwMDAwfX0=",
          "dependencies": [
            "azurerm_key_vault.keyvalut",
            "azurerm_resource_group.rg"
          ]
        }
      ]
    },
    {
      "mode": "managed",
      "type": "azurerm_network_security_group",
      "name": "azure_vm_sg",
      "provider": "provider[\"registry.terraform.io/hashicorp/azurerm\"]",
      "instances": [
        {
          "schema_version": 0,
          "attributes": {
            "id": "/subscriptions/900900c6-5135-4078-a4b6-e5aac4d23ba4/resourceGroups/ortecha-rg/providers/Microsoft.Network/networkSecurityGroups/ortecha-sg-1",
            "location": "westeurope",
            "name": "ortecha-sg-1",
            "resource_group_name": "ortecha-rg",
            "security_rule": [],
            "tags": null,
            "timeouts": null
          },
          "sensitive_attributes": [],
          "private": "eyJlMmJmYjczMC1lY2FhLTExZTYtOGY4OC0zNDM2M2JjN2M0YzAiOnsiY3JlYXRlIjoxODAwMDAwMDAwMDAwLCJkZWxldGUiOjE4MDAwMDAwMDAwMDAsInJlYWQiOjMwMDAwMDAwMDAwMCwidXBkYXRlIjoxODAwMDAwMDAwMDAwfX0=",
          "dependencies": [
            "azurerm_resource_group.rg"
          ]
        }
      ]
    },
    {
      "mode": "managed",
      "type": "azurerm_policy_assignment",
      "name": "purview_policy_assg",
      "provider": "provider[\"registry.terraform.io/hashicorp/azurerm\"]",
      "instances": [
        {
          "schema_version": 0,
          "attributes": {
            "description": "Policy Assignment purview",
            "display_name": "purview policy bypass assignment to RM",
            "enforcement_mode": true,
            "id": "/subscriptions/900900c6-5135-4078-a4b6-e5aac4d23ba4/resourceGroups/ortecha-rg/providers/Microsoft.Authorization/policyAssignments/purview_policy_bypass",
            "identity": [],
            "location": null,
            "metadata": "{\"category\":\"General\",\"createdBy\":\"cdaef324-b2d1-4527-aa09-2890aef638e4\",\"createdOn\":\"2021-04-21T15:19:43.5351931Z\",\"updatedBy\":null,\"updatedOn\":null}",
            "name": "purview_policy_bypass",
            "not_scopes": null,
            "parameters": null,
            "policy_definition_id": "/subscriptions/900900c6-5135-4078-a4b6-e5aac4d23ba4/providers/Microsoft.Authorization/policyDefinitions/ortecha-purview-bypass",
            "scope": "/subscriptions/900900c6-5135-4078-a4b6-e5aac4d23ba4/resourceGroups/ortecha-rg",
            "timeouts": null
          },
          "sensitive_attributes": [],
          "private": "eyJlMmJmYjczMC1lY2FhLTExZTYtOGY4OC0zNDM2M2JjN2M0YzAiOnsiY3JlYXRlIjoxODAwMDAwMDAwMDAwLCJkZWxldGUiOjE4MDAwMDAwMDAwMDAsInJlYWQiOjMwMDAwMDAwMDAwMCwidXBkYXRlIjoxODAwMDAwMDAwMDAwfX0=",
          "dependencies": [
            "azurerm_policy_definition.purview_policy_def",
            "azurerm_resource_group.rg"
          ]
        }
      ]
    },
    {
      "mode": "managed",
      "type": "azurerm_policy_definition",
      "name": "purview_policy_def",
      "provider": "provider[\"registry.terraform.io/hashicorp/azurerm\"]",
      "instances": [
        {
          "schema_version": 0,
          "attributes": {
            "description": "",
            "display_name": "Purview Bypass",
            "id": "/subscriptions/900900c6-5135-4078-a4b6-e5aac4d23ba4/providers/Microsoft.Authorization/policyDefinitions/ortecha-purview-bypass",
            "management_group_id": "",
            "management_group_name": "",
            "metadata": "{\"createdBy\":\"cdaef324-b2d1-4527-aa09-2890aef638e4\",\"createdOn\":\"2021-04-21T15:18:11.9377422Z\",\"updatedBy\":null,\"updatedOn\":null}",
            "mode": "All",
            "name": "ortecha-purview-bypass",
            "parameters": "",
            "policy_rule": "{\"if\":{\"anyOf\":[{\"allOf\":[{\"equals\":\"Microsoft.Storage/storageAccounts\",\"field\":\"type\"},{\"not\":{\"exists\":true,\"field\":\"tags['resourceBypass']\"}}]},{\"allOf\":[{\"equals\":\"Microsoft.EventHub/namespaces\",\"field\":\"type\"},{\"not\":{\"exists\":true,\"field\":\"tags['resourceBypass']\"}}]}]},\"then\":{\"effect\":\"deny\"}}",
            "policy_type": "Custom",
            "timeouts": null
          },
          "sensitive_attributes": [],
          "private": "eyJlMmJmYjczMC1lY2FhLTExZTYtOGY4OC0zNDM2M2JjN2M0YzAiOnsiY3JlYXRlIjoxODAwMDAwMDAwMDAwLCJkZWxldGUiOjE4MDAwMDAwMDAwMDAsInJlYWQiOjMwMDAwMDAwMDAwMCwidXBkYXRlIjoxODAwMDAwMDAwMDAwfX0="
        }
      ]
    },
    {
      "mode": "managed",
      "type": "azurerm_purview_account",
      "name": "purview_account",
      "provider": "provider[\"registry.terraform.io/hashicorp/azurerm\"]",
      "instances": [
        {
          "schema_version": 0,
          "attributes": {
            "atlas_kafka_endpoint_primary_connection_string": "Endpoint=sb://atlas-58290d20-1353-4fd4-8c74-76e2bd29fa76.servicebus.windows.net/;SharedAccessKeyName=AlternateSharedAccessKey;SharedAccessKey=voutkki0cxjqLdW475LcA24LRt+5Dpu661frJHKmQjI=",
            "atlas_kafka_endpoint_secondary_connection_string": "Endpoint=sb://atlas-58290d20-1353-4fd4-8c74-76e2bd29fa76.servicebus.windows.net/;SharedAccessKeyName=AlternateSharedAccessKey;SharedAccessKey=erEzhKRWBfj7wpZWZyFqzkUzOoDGGb199bjKeaxA40c=",
            "catalog_endpoint": "https://ortecha-purview-client-demo.catalog.purview.azure.com",
            "guardian_endpoint": "https://ortecha-purview-client-demo.guardian.purview.azure.com",
            "id": "/subscriptions/900900c6-5135-4078-a4b6-e5aac4d23ba4/resourceGroups/ortecha-rg/providers/Microsoft.Purview/accounts/ortecha-purview-client-demo",
            "identity": [
              {
                "principal_id": "53707a49-4c4c-433b-9811-db250829336a",
                "tenant_id": "f4e5183f-317b-4772-b87b-23dc28abd203",
                "type": "SystemAssigned"
              }
            ],
            "location": "westeurope",
            "name": "ortecha-purview-client-demo",
            "public_network_enabled": true,
            "resource_group_name": "ortecha-rg",
            "scan_endpoint": "https://ortecha-purview-client-demo.scan.purview.azure.com",
            "sku_name": "Standard_4",
            "tags": {
              "resourceBypass": "allowed"
            },
            "timeouts": null
          },
          "sensitive_attributes": [],
          "private": "eyJlMmJmYjczMC1lY2FhLTExZTYtOGY4OC0zNDM2M2JjN2M0YzAiOnsiY3JlYXRlIjoxODAwMDAwMDAwMDAwLCJkZWxldGUiOjE4MDAwMDAwMDAwMDAsInJlYWQiOjMwMDAwMDAwMDAwMCwidXBkYXRlIjoxODAwMDAwMDAwMDAwfX0=",
          "dependencies": [
            "azurerm_resource_group.rg"
          ]
        }
      ]
    },
    {
      "mode": "managed",
      "type": "azurerm_resource_group",
      "name": "rg",
      "provider": "provider[\"registry.terraform.io/hashicorp/azurerm\"]",
      "instances": [
        {
          "schema_version": 0,
          "attributes": {
            "id": "/subscriptions/900900c6-5135-4078-a4b6-e5aac4d23ba4/resourceGroups/ortecha-rg",
            "location": "westeurope",
            "name": "ortecha-rg",
            "tags": null,
            "timeouts": null
          },
          "sensitive_attributes": [],
          "private": "eyJlMmJmYjczMC1lY2FhLTExZTYtOGY4OC0zNDM2M2JjN2M0YzAiOnsiY3JlYXRlIjo1NDAwMDAwMDAwMDAwLCJkZWxldGUiOjU0MDAwMDAwMDAwMDAsInJlYWQiOjMwMDAwMDAwMDAwMCwidXBkYXRlIjo1NDAwMDAwMDAwMDAwfX0="
        }
      ]
    },
    {
      "mode": "managed",
      "type": "azurerm_role_assignment",
      "name": "az_purview_userrole",
      "provider": "provider[\"registry.terraform.io/hashicorp/azurerm\"]",
      "instances": [
        {
          "schema_version": 0,
          "attributes": {
            "condition": "",
            "condition_version": "",
            "description": "",
            "id": "/subscriptions/900900c6-5135-4078-a4b6-e5aac4d23ba4/resourceGroups/ortecha-rg/providers/Microsoft.Purview/accounts/ortecha-purview-client-demo/providers/Microsoft.Authorization/roleAssignments/1fac83d8-27ea-9b74-bdd1-62e14a805db2",
            "name": "1fac83d8-27ea-9b74-bdd1-62e14a805db2",
            "principal_id": "c5823ac3-d8d2-4866-ad4f-ae852c96dcc7",
            "principal_type": "User",
            "role_definition_id": "/subscriptions/900900c6-5135-4078-a4b6-e5aac4d23ba4/providers/Microsoft.Authorization/roleDefinitions/8a3c2885-9b38-4fd2-9d99-91af537c1347",
            "role_definition_name": "Purview Data Curator",
            "scope": "/subscriptions/900900c6-5135-4078-a4b6-e5aac4d23ba4/resourceGroups/ortecha-rg/providers/Microsoft.Purview/accounts/ortecha-purview-client-demo",
            "skip_service_principal_aad_check": null,
            "timeouts": null
          },
          "sensitive_attributes": [],
          "private": "eyJlMmJmYjczMC1lY2FhLTExZTYtOGY4OC0zNDM2M2JjN2M0YzAiOnsiY3JlYXRlIjoxODAwMDAwMDAwMDAwLCJkZWxldGUiOjE4MDAwMDAwMDAwMDAsInJlYWQiOjMwMDAwMDAwMDAwMCwidXBkYXRlIjoxODAwMDAwMDAwMDAwfX0=",
          "dependencies": [
            "azurerm_purview_account.purview_account",
            "azurerm_resource_group.rg"
          ]
        }
      ]
    },
    {
      "mode": "managed",
      "type": "azurerm_role_assignment",
      "name": "az_role_purview",
      "provider": "provider[\"registry.terraform.io/hashicorp/azurerm\"]",
      "instances": [
        {
          "schema_version": 0,
          "attributes": {
            "condition": "",
            "condition_version": "",
            "description": "",
            "id": "/subscriptions/900900c6-5135-4078-a4b6-e5aac4d23ba4/resourceGroups/ortecha-rg/providers/Microsoft.Storage/storageAccounts/ortechastorage/providers/Microsoft.Authorization/roleAssignments/042488fa-fde9-cef8-e15d-c1403ec567af",
            "name": "042488fa-fde9-cef8-e15d-c1403ec567af",
            "principal_id": "53707a49-4c4c-433b-9811-db250829336a",
            "principal_type": "ServicePrincipal",
            "role_definition_id": "/subscriptions/900900c6-5135-4078-a4b6-e5aac4d23ba4/providers/Microsoft.Authorization/roleDefinitions/2a2b9908-6ea1-4ae2-8e65-a410df84e7d1",
            "role_definition_name": "Storage Blob Data Reader",
            "scope": "/subscriptions/900900c6-5135-4078-a4b6-e5aac4d23ba4/resourceGroups/ortecha-rg/providers/Microsoft.Storage/storageAccounts/ortechastorage",
            "skip_service_principal_aad_check": null,
            "timeouts": null
          },
          "sensitive_attributes": [],
          "private": "eyJlMmJmYjczMC1lY2FhLTExZTYtOGY4OC0zNDM2M2JjN2M0YzAiOnsiY3JlYXRlIjoxODAwMDAwMDAwMDAwLCJkZWxldGUiOjE4MDAwMDAwMDAwMDAsInJlYWQiOjMwMDAwMDAwMDAwMCwidXBkYXRlIjoxODAwMDAwMDAwMDAwfX0=",
          "dependencies": [
            "azurerm_purview_account.purview_account",
            "azurerm_resource_group.rg",
            "azurerm_storage_account.storagegroup"
          ]
        }
      ]
    },
    {
      "mode": "managed",
      "type": "azurerm_sql_database",
      "name": "example",
      "provider": "provider[\"registry.terraform.io/hashicorp/azurerm\"]",
      "instances": [
        {
          "schema_version": 0,
          "attributes": {
            "collation": "SQL_Latin1_General_CP1_CI_AS",
            "create_mode": "Default",
            "creation_date": "2021-04-21T15:22:39.34Z",
            "default_secondary_location": "North Europe",
            "edition": "Standard",
            "elastic_pool_name": "",
            "encryption": "",
            "extended_auditing_policy": [],
            "id": "/subscriptions/900900c6-5135-4078-a4b6-e5aac4d23ba4/resourceGroups/ortecha-rg/providers/Microsoft.Sql/servers/ortecha-sqlserver-1/databases/ortecha-sqldb-1",
            "import": [],
            "location": "westeurope",
            "max_size_bytes": "268435456000",
            "max_size_gb": null,
            "name": "ortecha-sqldb-1",
            "read_scale": false,
            "requested_service_objective_id": "f1173c43-91bd-4aaa-973c-54e79e15235b",
            "requested_service_objective_name": "S0",
            "resource_group_name": "ortecha-rg",
            "restore_point_in_time": null,
            "server_name": "ortecha-sqlserver-1",
            "source_database_deletion_date": null,
            "source_database_id": null,
            "tags": {
              "environment": "dev"
            },
            "threat_detection_policy": [
              {
                "disabled_alerts": [],
                "email_account_admins": "Disabled",
                "email_addresses": [],
                "retention_days": 0,
                "state": "Disabled",
                "storage_account_access_key": "",
                "storage_endpoint": "",
                "use_server_default": "Disabled"
              }
            ],
            "timeouts": null,
            "zone_redundant": false
          },
          "sensitive_attributes": [],
          "private": "eyJlMmJmYjczMC1lY2FhLTExZTYtOGY4OC0zNDM2M2JjN2M0YzAiOnsiY3JlYXRlIjozNjAwMDAwMDAwMDAwLCJkZWxldGUiOjM2MDAwMDAwMDAwMDAsInJlYWQiOjMwMDAwMDAwMDAwMCwidXBkYXRlIjozNjAwMDAwMDAwMDAwfX0=",
          "dependencies": [
            "azurerm_resource_group.rg",
            "azurerm_sql_server.az_ortecha_sqlserver"
          ]
        }
      ]
    },
    {
      "mode": "managed",
      "type": "azurerm_sql_server",
      "name": "az_ortecha_sqlserver",
      "provider": "provider[\"registry.terraform.io/hashicorp/azurerm\"]",
      "instances": [
        {
          "schema_version": 0,
          "attributes": {
            "administrator_login": "ortecha-sqlserver-admin",
            "administrator_login_password": "4-v3ry-53cr37-p455w0rd",
            "connection_policy": "Default",
            "extended_auditing_policy": [],
            "fully_qualified_domain_name": "ortecha-sqlserver-1.database.windows.net",
            "id": "/subscriptions/900900c6-5135-4078-a4b6-e5aac4d23ba4/resourceGroups/ortecha-rg/providers/Microsoft.Sql/servers/ortecha-sqlserver-1",
            "identity": [],
            "location": "westeurope",
            "name": "ortecha-sqlserver-1",
            "resource_group_name": "ortecha-rg",
            "tags": {
              "environment": "dev"
            },
            "timeouts": null,
            "version": "12.0"
          },
          "sensitive_attributes": [],
          "private": "eyJlMmJmYjczMC1lY2FhLTExZTYtOGY4OC0zNDM2M2JjN2M0YzAiOnsiY3JlYXRlIjozNjAwMDAwMDAwMDAwLCJkZWxldGUiOjM2MDAwMDAwMDAwMDAsInJlYWQiOjMwMDAwMDAwMDAwMCwidXBkYXRlIjozNjAwMDAwMDAwMDAwfX0=",
          "dependencies": [
            "azurerm_resource_group.rg"
          ]
        }
      ]
    },
    {
      "mode": "managed",
      "type": "azurerm_storage_account",
      "name": "storagegroup",
      "provider": "provider[\"registry.terraform.io/hashicorp/azurerm\"]",
      "instances": [
        {
          "schema_version": 2,
          "attributes": {
            "access_tier": "Hot",
            "account_kind": "StorageV2",
            "account_replication_type": "GRS",
            "account_tier": "Standard",
            "allow_blob_public_access": false,
            "blob_properties": [],
            "custom_domain": [],
            "enable_https_traffic_only": true,
            "id": "/subscriptions/900900c6-5135-4078-a4b6-e5aac4d23ba4/resourceGroups/ortecha-rg/providers/Microsoft.Storage/storageAccounts/ortechastorage",
            "identity": [],
            "is_hns_enabled": false,
            "large_file_share_enabled": null,
            "location": "westeurope",
            "min_tls_version": "TLS1_0",
            "name": "ortechastorage",
            "network_rules": [
              {
                "bypass": [
                  "AzureServices"
                ],
                "default_action": "Allow",
                "ip_rules": [],
                "virtual_network_subnet_ids": []
              }
            ],
            "primary_access_key": "d7qXar08fc1Ss1o4U+FRNaaFhIqlDCzhM3Z9Hb/vD/DL3HIH9ZccjH42/y6w2u8orhekeBhUetaGJIgelXAEvA==",
            "primary_blob_connection_string": "DefaultEndpointsProtocol=https;BlobEndpoint=https://ortechastorage.blob.core.windows.net/;AccountName=ortechastorage;AccountKey=d7qXar08fc1Ss1o4U+FRNaaFhIqlDCzhM3Z9Hb/vD/DL3HIH9ZccjH42/y6w2u8orhekeBhUetaGJIgelXAEvA==",
            "primary_blob_endpoint": "https://ortechastorage.blob.core.windows.net/",
            "primary_blob_host": "ortechastorage.blob.core.windows.net",
            "primary_connection_string": "DefaultEndpointsProtocol=https;AccountName=ortechastorage;AccountKey=d7qXar08fc1Ss1o4U+FRNaaFhIqlDCzhM3Z9Hb/vD/DL3HIH9ZccjH42/y6w2u8orhekeBhUetaGJIgelXAEvA==;EndpointSuffix=core.windows.net",
            "primary_dfs_endpoint": "https://ortechastorage.dfs.core.windows.net/",
            "primary_dfs_host": "ortechastorage.dfs.core.windows.net",
            "primary_file_endpoint": "https://ortechastorage.file.core.windows.net/",
            "primary_file_host": "ortechastorage.file.core.windows.net",
            "primary_location": "westeurope",
            "primary_queue_endpoint": "https://ortechastorage.queue.core.windows.net/",
            "primary_queue_host": "ortechastorage.queue.core.windows.net",
            "primary_table_endpoint": "https://ortechastorage.table.core.windows.net/",
            "primary_table_host": "ortechastorage.table.core.windows.net",
            "primary_web_endpoint": "https://ortechastorage.z6.web.core.windows.net/",
            "primary_web_host": "ortechastorage.z6.web.core.windows.net",
            "queue_properties": [
              {
                "cors_rule": [],
                "hour_metrics": [
                  {
                    "enabled": true,
                    "include_apis": true,
                    "retention_policy_days": 7,
                    "version": "1.0"
                  }
                ],
                "logging": [
                  {
                    "delete": false,
                    "read": false,
                    "retention_policy_days": 0,
                    "version": "1.0",
                    "write": false
                  }
                ],
                "minute_metrics": [
                  {
                    "enabled": false,
                    "include_apis": false,
                    "retention_policy_days": 0,
                    "version": "1.0"
                  }
                ]
              }
            ],
            "resource_group_name": "ortecha-rg",
            "secondary_access_key": "fanTRuHofBmXrngo+p8cDv4C0yETVr6cErGYeB/jL/VyjMSeDJRwiqkEKvuXfnfZfI5mKTkfrSz9LkzvUB5Lrw==",
            "secondary_blob_connection_string": "",
            "secondary_blob_endpoint": null,
            "secondary_blob_host": null,
            "secondary_connection_string": "DefaultEndpointsProtocol=https;AccountName=ortechastorage;AccountKey=fanTRuHofBmXrngo+p8cDv4C0yETVr6cErGYeB/jL/VyjMSeDJRwiqkEKvuXfnfZfI5mKTkfrSz9LkzvUB5Lrw==;EndpointSuffix=core.windows.net",
            "secondary_dfs_endpoint": null,
            "secondary_dfs_host": null,
            "secondary_file_endpoint": null,
            "secondary_file_host": null,
            "secondary_location": "northeurope",
            "secondary_queue_endpoint": null,
            "secondary_queue_host": null,
            "secondary_table_endpoint": null,
            "secondary_table_host": null,
            "secondary_web_endpoint": null,
            "secondary_web_host": null,
            "static_website": [],
            "tags": {
              "resourceBypass": "allowed"
            },
            "timeouts": null
          },
          "sensitive_attributes": [],
          "private": "eyJlMmJmYjczMC1lY2FhLTExZTYtOGY4OC0zNDM2M2JjN2M0YzAiOnsiY3JlYXRlIjozNjAwMDAwMDAwMDAwLCJkZWxldGUiOjM2MDAwMDAwMDAwMDAsInJlYWQiOjMwMDAwMDAwMDAwMCwidXBkYXRlIjozNjAwMDAwMDAwMDAwfSwic2NoZW1hX3ZlcnNpb24iOiIyIn0=",
          "dependencies": [
            "azurerm_resource_group.rg"
          ]
        }
      ]
    },
    {
      "mode": "managed",
      "type": "azurerm_storage_blob",
      "name": "blobobject",
      "provider": "provider[\"registry.terraform.io/hashicorp/azurerm\"]",
      "instances": [
        {
          "schema_version": 1,
          "attributes": {
            "access_tier": "Hot",
            "content_md5": "",
            "content_type": "application/octet-stream",
            "id": "https://ortechastorage.blob.core.windows.net/raw-csv/FL_insurance_sample.csv",
            "metadata": {},
            "name": "FL_insurance_sample.csv",
            "parallelism": 8,
            "size": 0,
            "source": "srcFiles/FL_insurance_sample.csv",
            "source_content": null,
            "source_uri": null,
            "storage_account_name": "ortechastorage",
            "storage_container_name": "raw-csv",
            "timeouts": null,
            "type": "Block",
            "url": "https://ortechastorage.blob.core.windows.net/raw-csv/FL_insurance_sample.csv"
          },
          "sensitive_attributes": [],
          "private": "eyJlMmJmYjczMC1lY2FhLTExZTYtOGY4OC0zNDM2M2JjN2M0YzAiOnsiY3JlYXRlIjoxODAwMDAwMDAwMDAwLCJkZWxldGUiOjE4MDAwMDAwMDAwMDAsInJlYWQiOjMwMDAwMDAwMDAwMCwidXBkYXRlIjoxODAwMDAwMDAwMDAwfSwic2NoZW1hX3ZlcnNpb24iOiIxIn0=",
          "dependencies": [
            "azurerm_resource_group.rg",
            "azurerm_storage_account.storagegroup",
            "azurerm_storage_container.blobstorage"
          ]
        }
      ]
    },
    {
      "mode": "managed",
      "type": "azurerm_storage_blob",
      "name": "blobojsonbject",
      "provider": "provider[\"registry.terraform.io/hashicorp/azurerm\"]",
      "instances": [
        {
          "schema_version": 1,
          "attributes": {
            "access_tier": "Hot",
            "content_md5": "",
            "content_type": "application/octet-stream",
            "id": "https://ortechastorage.blob.core.windows.net/raw-json/sample.json",
            "metadata": {},
            "name": "sample.json",
            "parallelism": 8,
            "size": 0,
            "source": "srcFiles/sample.json",
            "source_content": null,
            "source_uri": null,
            "storage_account_name": "ortechastorage",
            "storage_container_name": "raw-json",
            "timeouts": null,
            "type": "Block",
            "url": "https://ortechastorage.blob.core.windows.net/raw-json/sample.json"
          },
          "sensitive_attributes": [],
          "private": "eyJlMmJmYjczMC1lY2FhLTExZTYtOGY4OC0zNDM2M2JjN2M0YzAiOnsiY3JlYXRlIjoxODAwMDAwMDAwMDAwLCJkZWxldGUiOjE4MDAwMDAwMDAwMDAsInJlYWQiOjMwMDAwMDAwMDAwMCwidXBkYXRlIjoxODAwMDAwMDAwMDAwfSwic2NoZW1hX3ZlcnNpb24iOiIxIn0=",
          "dependencies": [
            "azurerm_resource_group.rg",
            "azurerm_storage_account.storagegroup",
            "azurerm_storage_container.blobstorage"
          ]
        }
      ]
    },
    {
      "mode": "managed",
      "type": "azurerm_storage_blob",
      "name": "blobounstructuredbject",
      "provider": "provider[\"registry.terraform.io/hashicorp/azurerm\"]",
      "instances": [
        {
          "schema_version": 1,
          "attributes": {
            "access_tier": "Hot",
            "content_md5": "",
            "content_type": "application/octet-stream",
            "id": "https://ortechastorage.blob.core.windows.net/raw-unstructured/1-Penguins.pdf",
            "metadata": {},
            "name": "1-Penguins.pdf",
            "parallelism": 8,
            "size": 0,
            "source": "srcFiles/1-Penguins.pdf",
            "source_content": null,
            "source_uri": null,
            "storage_account_name": "ortechastorage",
            "storage_container_name": "raw-unstructured",
            "timeouts": null,
            "type": "Block",
            "url": "https://ortechastorage.blob.core.windows.net/raw-unstructured/1-Penguins.pdf"
          },
          "sensitive_attributes": [],
          "private": "eyJlMmJmYjczMC1lY2FhLTExZTYtOGY4OC0zNDM2M2JjN2M0YzAiOnsiY3JlYXRlIjoxODAwMDAwMDAwMDAwLCJkZWxldGUiOjE4MDAwMDAwMDAwMDAsInJlYWQiOjMwMDAwMDAwMDAwMCwidXBkYXRlIjoxODAwMDAwMDAwMDAwfSwic2NoZW1hX3ZlcnNpb24iOiIxIn0=",
          "dependencies": [
            "azurerm_resource_group.rg",
            "azurerm_storage_account.storagegroup",
            "azurerm_storage_container.blobstorage"
          ]
        }
      ]
    },
    {
      "mode": "managed",
      "type": "azurerm_storage_container",
      "name": "blobstorage",
      "provider": "provider[\"registry.terraform.io/hashicorp/azurerm\"]",
      "instances": [
        {
          "index_key": 0,
          "schema_version": 1,
          "attributes": {
            "container_access_type": "private",
            "has_immutability_policy": false,
            "has_legal_hold": false,
            "id": "https://ortechastorage.blob.core.windows.net/raw-csv",
            "metadata": {},
            "name": "raw-csv",
            "resource_manager_id": "/subscriptions/900900c6-5135-4078-a4b6-e5aac4d23ba4/resourceGroups/ortecha-rg/providers/Microsoft.Storage/storageAccounts/ortechastorage/blobServices/default/containers/raw-csv",
            "storage_account_name": "ortechastorage",
            "timeouts": null
          },
          "sensitive_attributes": [],
          "private": "eyJlMmJmYjczMC1lY2FhLTExZTYtOGY4OC0zNDM2M2JjN2M0YzAiOnsiY3JlYXRlIjoxODAwMDAwMDAwMDAwLCJkZWxldGUiOjE4MDAwMDAwMDAwMDAsInJlYWQiOjMwMDAwMDAwMDAwMCwidXBkYXRlIjoxODAwMDAwMDAwMDAwfSwic2NoZW1hX3ZlcnNpb24iOiIxIn0=",
          "dependencies": [
            "azurerm_resource_group.rg",
            "azurerm_storage_account.storagegroup"
          ]
        },
        {
          "index_key": 1,
          "schema_version": 1,
          "attributes": {
            "container_access_type": "private",
            "has_immutability_policy": false,
            "has_legal_hold": false,
            "id": "https://ortechastorage.blob.core.windows.net/raw-json",
            "metadata": {},
            "name": "raw-json",
            "resource_manager_id": "/subscriptions/900900c6-5135-4078-a4b6-e5aac4d23ba4/resourceGroups/ortecha-rg/providers/Microsoft.Storage/storageAccounts/ortechastorage/blobServices/default/containers/raw-json",
            "storage_account_name": "ortechastorage",
            "timeouts": null
          },
          "sensitive_attributes": [],
          "private": "eyJlMmJmYjczMC1lY2FhLTExZTYtOGY4OC0zNDM2M2JjN2M0YzAiOnsiY3JlYXRlIjoxODAwMDAwMDAwMDAwLCJkZWxldGUiOjE4MDAwMDAwMDAwMDAsInJlYWQiOjMwMDAwMDAwMDAwMCwidXBkYXRlIjoxODAwMDAwMDAwMDAwfSwic2NoZW1hX3ZlcnNpb24iOiIxIn0=",
          "dependencies": [
            "azurerm_resource_group.rg",
            "azurerm_storage_account.storagegroup"
          ]
        },
        {
          "index_key": 2,
          "schema_version": 1,
          "attributes": {
            "container_access_type": "private",
            "has_immutability_policy": false,
            "has_legal_hold": false,
            "id": "https://ortechastorage.blob.core.windows.net/raw-unstructured",
            "metadata": {},
            "name": "raw-unstructured",
            "resource_manager_id": "/subscriptions/900900c6-5135-4078-a4b6-e5aac4d23ba4/resourceGroups/ortecha-rg/providers/Microsoft.Storage/storageAccounts/ortechastorage/blobServices/default/containers/raw-unstructured",
            "storage_account_name": "ortechastorage",
            "timeouts": null
          },
          "sensitive_attributes": [],
          "private": "eyJlMmJmYjczMC1lY2FhLTExZTYtOGY4OC0zNDM2M2JjN2M0YzAiOnsiY3JlYXRlIjoxODAwMDAwMDAwMDAwLCJkZWxldGUiOjE4MDAwMDAwMDAwMDAsInJlYWQiOjMwMDAwMDAwMDAwMCwidXBkYXRlIjoxODAwMDAwMDAwMDAwfSwic2NoZW1hX3ZlcnNpb24iOiIxIn0=",
          "dependencies": [
            "azurerm_resource_group.rg",
            "azurerm_storage_account.storagegroup"
          ]
        },
        {
          "index_key": 3,
          "schema_version": 1,
          "attributes": {
            "container_access_type": "private",
            "has_immutability_policy": false,
            "has_legal_hold": false,
            "id": "https://ortechastorage.blob.core.windows.net/raw-others",
            "metadata": {},
            "name": "raw-others",
            "resource_manager_id": "/subscriptions/900900c6-5135-4078-a4b6-e5aac4d23ba4/resourceGroups/ortecha-rg/providers/Microsoft.Storage/storageAccounts/ortechastorage/blobServices/default/containers/raw-others",
            "storage_account_name": "ortechastorage",
            "timeouts": null
          },
          "sensitive_attributes": [],
          "private": "eyJlMmJmYjczMC1lY2FhLTExZTYtOGY4OC0zNDM2M2JjN2M0YzAiOnsiY3JlYXRlIjoxODAwMDAwMDAwMDAwLCJkZWxldGUiOjE4MDAwMDAwMDAwMDAsInJlYWQiOjMwMDAwMDAwMDAwMCwidXBkYXRlIjoxODAwMDAwMDAwMDAwfSwic2NoZW1hX3ZlcnNpb24iOiIxIn0=",
          "dependencies": [
            "azurerm_resource_group.rg",
            "azurerm_storage_account.storagegroup"
          ]
        }
      ]
    },
    {
      "mode": "managed",
      "type": "azurerm_virtual_network",
      "name": "azure_vn",
      "provider": "provider[\"registry.terraform.io/hashicorp/azurerm\"]",
      "instances": [
        {
          "schema_version": 0,
          "attributes": {
            "address_space": [
              "10.0.0.0/16"
            ],
            "bgp_community": "",
            "ddos_protection_plan": [],
            "dns_servers": null,
            "guid": "99ed2641-0b6e-43f6-9f20-9e0c6ed3e7ef",
            "id": "/subscriptions/900900c6-5135-4078-a4b6-e5aac4d23ba4/resourceGroups/ortecha-rg/providers/Microsoft.Network/virtualNetworks/ortecha-vn-1",
            "location": "westeurope",
            "name": "ortecha-vn-1",
            "resource_group_name": "ortecha-rg",
            "subnet": [
              {
                "address_prefix": "10.0.1.0/24",
                "id": "/subscriptions/900900c6-5135-4078-a4b6-e5aac4d23ba4/resourceGroups/ortecha-rg/providers/Microsoft.Network/virtualNetworks/ortecha-vn-1/subnets/ortecha-subnet1",
                "name": "ortecha-subnet1",
                "security_group": ""
              },
              {
                "address_prefix": "10.0.2.0/24",
                "id": "/subscriptions/900900c6-5135-4078-a4b6-e5aac4d23ba4/resourceGroups/ortecha-rg/providers/Microsoft.Network/virtualNetworks/ortecha-vn-1/subnets/ortecha-subnet2",
                "name": "ortecha-subnet2",
                "security_group": ""
              }
            ],
            "tags": null,
            "timeouts": null,
            "vm_protection_enabled": false
          },
          "sensitive_attributes": [],
          "private": "eyJlMmJmYjczMC1lY2FhLTExZTYtOGY4OC0zNDM2M2JjN2M0YzAiOnsiY3JlYXRlIjoxODAwMDAwMDAwMDAwLCJkZWxldGUiOjE4MDAwMDAwMDAwMDAsInJlYWQiOjMwMDAwMDAwMDAwMCwidXBkYXRlIjoxODAwMDAwMDAwMDAwfX0=",
          "dependencies": [
            "azurerm_resource_group.rg"
          ]
        }
      ]
    }
  ]
}
